
Microsoft Visual Studio Solution File, Format Version 12.00
# Visual Studio Version 17
VisualStudioVersion = 17.6.33815.320
MinimumVisualStudioVersion = 10.0.40219.1
Project("{FAE04EC0-301F-11D3-BF4B-00C04F79EFBC}") = "lab4", "lab4.csproj", "{8B8026DE-4D6F-4E94-A825-AAD47F983143}"
EndProject
Global
	GlobalSection(SolutionConfigurationPlatforms) = preSolution
		Debug|Any CPU = Debug|Any CPU
		Release|Any CPU = Release|Any CPU
	EndGlobalSection
	GlobalSection(ProjectConfigurationPlatforms) = postSolution
		{8B8026DE-4D6F-4E94-A825-AAD47F983143}.Debug|Any CPU.ActiveCfg = Debug|Any CPU
		{8B8026DE-4D6F-4E94-A825-AAD47F983143}.Debug|Any CPU.Build.0 = Debug|Any CPU
		{8B8026DE-4D6F-4E94-A825-AAD47F983143}.Release|Any CPU.ActiveCfg = Release|Any CPU
		{8B8026DE-4D6F-4E94-A825-AAD47F983143}.Release|Any CPU.Build.0 = Release|Any CPU
	EndGlobalSection
	GlobalSection(SolutionProperties) = preSolution
		HideSolutionNode = FALSE
	EndGlobalSection
	GlobalSection(ExtensibilityGlobals) = postSolution
		SolutionGuid = {136ACEF9-F0A3-4C11-AC6B-204E8099B7B1}
	EndGlobalSection
EndGlobal
